{
  "name": "vulnerable-node-demo",
  "version": "1.0.0",
  "lockfileVersion": 1,
  "requires": true,
  "dependencies": {
    "lodash": {
      "version": "4.17.15",
      "resolved": "https://registry.npmjs.org/lodash/-/lodash-4.17.15.tgz",
      "integrity": "sha512-xxxx",
      "requires": {}
    },
    "event-stream": {
      "version": "3.3.6",
      "resolved": "https://registry.npmjs.org/event-stream/-/event-stream-3.3.6.tgz",
      "integrity": "sha512-xxxx",
      "requires": {}
    },
    "express": {
      "version": "4.16.0",
      "resolved": "https://registry.npmjs.org/express/-/express-4.16.0.tgz",
      "integrity": "sha512-xxxx",
      "requires": {}
    },
    "morgan": {
      "version": "1.9.0",
      "resolved": "https://registry.npmjs.org/morgan/-/morgan-1.9.0.tgz",
      "integrity": "sha512-xxxx",
      "requires": {}
    },
    "jsonwebtoken": {
      "version": "8.5.1",
      "resolved": "https://registry.npmjs.org/jsonwebtoken/-/jsonwebtoken-8.5.1.tgz",
      "integrity": "sha512-xxxx",
      "requires": {}
    },
    "mysql": {
      "version": "2.16.0",
      "resolved": "https://registry.npmjs.org/mysql/-/mysql-2.16.0.tgz",
      "integrity": "sha512-xxxx",
      "requires": {}
    },
    "ejs": {
      "version": "2.6.1",
      "resolved": "https://registry.npmjs.org/ejs/-/ejs-2.6.1.tgz",
      "integrity": "sha512-xxxx",
      "requires": {}
    },
    "axios": {
      "version": "0.18.0",
      "resolved": "https://registry.npmjs.org/axios/-/axios-0.18.0.tgz",
      "integrity": "sha512-xxxx",
      "requires": {}
    },
    "connect": {
      "version": "3.6.6",
      "resolved": "https://registry.npmjs.org/connect/-/connect-3.6.6.tgz",
      "integrity": "sha512-xxxx",
      "requires": {}
    }
  }
}